# THIS IS AN AUTOGENERATED FILE. DO NOT EDIT THIS FILE DIRECTLY.
# yarn lockfile v1

bourbon@^5.0.0:
  version "5.0.0"
  resolved "https://registry.yarnpkg.com/bourbon/-/bourbon-5.0.0.tgz#030ba01893889cd77d964101e735d446fd50426a"

normalize.css@^8.0.0:
  version "8.0.0"
  resolved "https://registry.yarnpkg.com/normalize.css/-/normalize.css-8.0.0.tgz#14ac5e461612538a4ce9be90a7da23f86e718493"

respond.js@^1.4.2:
  version "1.4.2"
  resolved "https://registry.yarnpkg.com/respond.js/-/respond.js-1.4.2.tgz#fd5c07450acce6090916d8d090b86b672dd9748b"

sass-mq@^4.0.2:
  version "4.0.2"
  resolved "https://registry.yarnpkg.com/sass-mq/-/sass-mq-4.0.2.tgz#aa8f1609a074bf4f5e5e93bdff31def993cc1ee1"
